
Microsoft Visual Studio Solution File, Format Version 12.00
# Visual Studio Version 17
VisualStudioVersion = 17.0.31903.59
MinimumVisualStudioVersion = 10.0.40219.1
Project("{9A19103F-16F7-4668-BE54-9A1E7A4F7556}") = "PtVzzlePrison", "PtVzzlePrison\PtVzzlePrison.csproj", "{C51FFCA4-0FE8-4DD6-8281-89571FA81F7D}"
EndProject
Project("{2150E333-8FDC-42A3-9474-1A3956D46DE8}") = "Solution Items", "Solution Items", "{2F600C76-EA9D-4410-9FF6-794BE3B28134}"
	ProjectSection(SolutionItems) = preProject
		dotnet-install.ps1 = dotnet-install.ps1
		dotnet-install.sh = dotnet-install.sh
		README.md = README.md
	EndProjectSection
EndProject
Project("{9A19103F-16F7-4668-BE54-9A1E7A4F7556}") = "PtVzzlePrison.Tests", "PtVzzlePrison.Tests\PtVzzlePrison.Tests.csproj", "{EB71D719-A860-49D0-A537-3405D81E18C4}"
EndProject
Global
	GlobalSection(SolutionConfigurationPlatforms) = preSolution
		Debug|Any CPU = Debug|Any CPU
		Release|Any CPU = Release|Any CPU
	EndGlobalSection
	GlobalSection(ProjectConfigurationPlatforms) = postSolution
		{C51FFCA4-0FE8-4DD6-8281-89571FA81F7D}.Debug|Any CPU.ActiveCfg = Debug|Any CPU
		{C51FFCA4-0FE8-4DD6-8281-89571FA81F7D}.Debug|Any CPU.Build.0 = Debug|Any CPU
		{C51FFCA4-0FE8-4DD6-8281-89571FA81F7D}.Release|Any CPU.ActiveCfg = Release|Any CPU
		{C51FFCA4-0FE8-4DD6-8281-89571FA81F7D}.Release|Any CPU.Build.0 = Release|Any CPU
		{EB71D719-A860-49D0-A537-3405D81E18C4}.Debug|Any CPU.ActiveCfg = Debug|Any CPU
		{EB71D719-A860-49D0-A537-3405D81E18C4}.Debug|Any CPU.Build.0 = Debug|Any CPU
		{EB71D719-A860-49D0-A537-3405D81E18C4}.Release|Any CPU.ActiveCfg = Release|Any CPU
		{EB71D719-A860-49D0-A537-3405D81E18C4}.Release|Any CPU.Build.0 = Release|Any CPU
	EndGlobalSection
	GlobalSection(SolutionProperties) = preSolution
		HideSolutionNode = FALSE
	EndGlobalSection
	GlobalSection(ExtensibilityGlobals) = postSolution
		SolutionGuid = {0B60A5A6-32F2-4210-A096-641EC7C240BD}
	EndGlobalSection
EndGlobal
